Microsoft Visual Studio Solution File, Format Version 11.00
# Visual Studio 2008

Project("{D632B148-63AD-726D-B475-BE2918518F3D}") = "OpenPath", "Assembly-CSharp-firstpass.csproj", "{52134299-57C8-CBAE-AB21-6117E7508C0B}"
EndProject
Project("{D632B148-63AD-726D-B475-BE2918518F3D}") = "OpenPath", "Assembly-CSharp.csproj", "{397F2960-8575-8E34-6969-E66A26D194A6}"
EndProject
Project("{D632B148-63AD-726D-B475-BE2918518F3D}") = "OpenPath", "Assembly-CSharp-Editor.csproj", "{9CED73FD-A43E-855A-1807-AE533782206A}"
EndProject
Project("{D632B148-63AD-726D-B475-BE2918518F3D}") = "OpenPath", "Assembly-UnityScript-firstpass.unityproj", "{E73F7786-C970-42E5-E1D7-6E5142B3330A}"
EndProject
Global
	GlobalSection(SolutionConfigurationPlatforms) = preSolution
		Debug|Any CPU = Debug|Any CPU
		Release|Any CPU = Release|Any CPU
	EndGlobalSection
	GlobalSection(ProjectConfigurationPlatforms) = postSolution
		{52134299-57C8-CBAE-AB21-6117E7508C0B}.Debug|Any CPU.ActiveCfg = Debug|Any CPU
		{52134299-57C8-CBAE-AB21-6117E7508C0B}.Debug|Any CPU.Build.0 = Debug|Any CPU
		{52134299-57C8-CBAE-AB21-6117E7508C0B}.Release|Any CPU.ActiveCfg = Release|Any CPU
		{52134299-57C8-CBAE-AB21-6117E7508C0B}.Release|Any CPU.Build.0 = Release|Any CPU
		{397F2960-8575-8E34-6969-E66A26D194A6}.Debug|Any CPU.ActiveCfg = Debug|Any CPU
		{397F2960-8575-8E34-6969-E66A26D194A6}.Debug|Any CPU.Build.0 = Debug|Any CPU
		{397F2960-8575-8E34-6969-E66A26D194A6}.Release|Any CPU.ActiveCfg = Release|Any CPU
		{397F2960-8575-8E34-6969-E66A26D194A6}.Release|Any CPU.Build.0 = Release|Any CPU
		{9CED73FD-A43E-855A-1807-AE533782206A}.Debug|Any CPU.ActiveCfg = Debug|Any CPU
		{9CED73FD-A43E-855A-1807-AE533782206A}.Debug|Any CPU.Build.0 = Debug|Any CPU
		{9CED73FD-A43E-855A-1807-AE533782206A}.Release|Any CPU.ActiveCfg = Release|Any CPU
		{9CED73FD-A43E-855A-1807-AE533782206A}.Release|Any CPU.Build.0 = Release|Any CPU
		{E73F7786-C970-42E5-E1D7-6E5142B3330A}.Debug|Any CPU.ActiveCfg = Debug|Any CPU
		{E73F7786-C970-42E5-E1D7-6E5142B3330A}.Debug|Any CPU.Build.0 = Debug|Any CPU
		{E73F7786-C970-42E5-E1D7-6E5142B3330A}.Release|Any CPU.ActiveCfg = Release|Any CPU
		{E73F7786-C970-42E5-E1D7-6E5142B3330A}.Release|Any CPU.Build.0 = Release|Any CPU
	EndGlobalSection
	GlobalSection(SolutionProperties) = preSolution
		HideSolutionNode = FALSE
	EndGlobalSection
					GlobalSection(MonoDevelopProperties) = preSolution
		StartupItem = Assembly-CSharp.csproj
		Policies = $0
		$0.TextStylePolicy = $1
		$1.inheritsSet = null
		$1.scope = text/x-csharp
		$0.CSharpFormattingPolicy = $2
		$2.inheritsSet = Mono
		$2.inheritsScope = text/x-csharp
		$2.scope = text/x-csharp
		$0.TextStylePolicy = $3
		$3.FileWidth = 120
		$3.TabWidth = 4
		$3.EolMarker = Unix
		$3.inheritsSet = Mono
		$3.inheritsScope = text/plain
		$3.scope = text/plain
	EndGlobalSection

EndGlobal
